
Microsoft Visual Studio Solution File, Format Version 12.00
# Visual Studio Version 17
VisualStudioVersion = 17.5.33530.505
MinimumVisualStudioVersion = 10.0.40219.1
Project("{FAE04EC0-301F-11D3-BF4B-00C04F79EFBC}") = "powerplantChallenge.Soutrani.Api", "powerplantChallenge.Soutrani.Api.csproj", "{7EBC9EFB-8863-4FBD-A88C-C2A5DB22874B}"
EndProject
Project("{FAE04EC0-301F-11D3-BF4B-00C04F79EFBC}") = "PowerPlant.Services", "..\PowerPlant.Services\PowerPlant.Services.csproj", "{180C2DE5-8664-4349-B3BE-A51D17B018A4}"
EndProject
Project("{2150E333-8FDC-42A3-9474-1A3956D46DE8}") = "Solution Items", "Solution Items", "{B044141F-6A20-49FC-939C-797C29679ED3}"
	ProjectSection(SolutionItems) = preProject
		Readme.md = Readme.md
	EndProjectSection
EndProject
Global
	GlobalSection(SolutionConfigurationPlatforms) = preSolution
		Debug|Any CPU = Debug|Any CPU
		Release|Any CPU = Release|Any CPU
	EndGlobalSection
	GlobalSection(ProjectConfigurationPlatforms) = postSolution
		{7EBC9EFB-8863-4FBD-A88C-C2A5DB22874B}.Debug|Any CPU.ActiveCfg = Debug|Any CPU
		{7EBC9EFB-8863-4FBD-A88C-C2A5DB22874B}.Debug|Any CPU.Build.0 = Debug|Any CPU
		{7EBC9EFB-8863-4FBD-A88C-C2A5DB22874B}.Release|Any CPU.ActiveCfg = Release|Any CPU
		{7EBC9EFB-8863-4FBD-A88C-C2A5DB22874B}.Release|Any CPU.Build.0 = Release|Any CPU
		{180C2DE5-8664-4349-B3BE-A51D17B018A4}.Debug|Any CPU.ActiveCfg = Debug|Any CPU
		{180C2DE5-8664-4349-B3BE-A51D17B018A4}.Debug|Any CPU.Build.0 = Debug|Any CPU
		{180C2DE5-8664-4349-B3BE-A51D17B018A4}.Release|Any CPU.ActiveCfg = Release|Any CPU
		{180C2DE5-8664-4349-B3BE-A51D17B018A4}.Release|Any CPU.Build.0 = Release|Any CPU
	EndGlobalSection
	GlobalSection(SolutionProperties) = preSolution
		HideSolutionNode = FALSE
	EndGlobalSection
	GlobalSection(ExtensibilityGlobals) = postSolution
		SolutionGuid = {D9F14036-0E05-4EE0-A53A-56BEE0BDB4FD}
	EndGlobalSection
EndGlobal
